
Microsoft Visual Studio Solution File, Format Version 12.00
# Visual Studio 15
VisualStudioVersion = 15.0.26730.12
MinimumVisualStudioVersion = 10.0.40219.1
Project("{FAE04EC0-301F-11D3-BF4B-00C04F79EFBC}") = "TeCurso", "TeCurso\TeCurso.csproj", "{E8BF1417-6544-40D7-9ABB-B0E3C3FAF81E}"
EndProject
Global
	GlobalSection(SolutionConfigurationPlatforms) = preSolution
		Debug|Any CPU = Debug|Any CPU
		Release|Any CPU = Release|Any CPU
	EndGlobalSection
	GlobalSection(ProjectConfigurationPlatforms) = postSolution
		{E8BF1417-6544-40D7-9ABB-B0E3C3FAF81E}.Debug|Any CPU.ActiveCfg = Debug|Any CPU
		{E8BF1417-6544-40D7-9ABB-B0E3C3FAF81E}.Debug|Any CPU.Build.0 = Debug|Any CPU
		{E8BF1417-6544-40D7-9ABB-B0E3C3FAF81E}.Release|Any CPU.ActiveCfg = Release|Any CPU
		{E8BF1417-6544-40D7-9ABB-B0E3C3FAF81E}.Release|Any CPU.Build.0 = Release|Any CPU
	EndGlobalSection
	GlobalSection(SolutionProperties) = preSolution
		HideSolutionNode = FALSE
	EndGlobalSection
	GlobalSection(ExtensibilityGlobals) = postSolution
		SolutionGuid = {10E3C6CB-AFA9-4BC2-B8DB-03061F3EEF83}
	EndGlobalSection
EndGlobal
